
Microsoft Visual Studio Solution File, Format Version 12.00
# Visual Studio Version 17
VisualStudioVersion = 17.7.34024.191
MinimumVisualStudioVersion = 10.0.40219.1
Project("{FAE04EC0-301F-11D3-BF4B-00C04F79EFBC}") = "Psinder", "Psinder.csproj", "{69F2613B-BFBB-4B63-9508-5AA54A8986AF}"
EndProject
Global
	GlobalSection(SolutionConfigurationPlatforms) = preSolution
		Debug|Any CPU = Debug|Any CPU
		Release|Any CPU = Release|Any CPU
	EndGlobalSection
	GlobalSection(ProjectConfigurationPlatforms) = postSolution
		{69F2613B-BFBB-4B63-9508-5AA54A8986AF}.Debug|Any CPU.ActiveCfg = Debug|Any CPU
		{69F2613B-BFBB-4B63-9508-5AA54A8986AF}.Debug|Any CPU.Build.0 = Debug|Any CPU
		{69F2613B-BFBB-4B63-9508-5AA54A8986AF}.Release|Any CPU.ActiveCfg = Release|Any CPU
		{69F2613B-BFBB-4B63-9508-5AA54A8986AF}.Release|Any CPU.Build.0 = Release|Any CPU
	EndGlobalSection
	GlobalSection(SolutionProperties) = preSolution
		HideSolutionNode = FALSE
	EndGlobalSection
	GlobalSection(ExtensibilityGlobals) = postSolution
		SolutionGuid = {C96E5395-0CED-44B5-8DBA-625C83111C0F}
	EndGlobalSection
EndGlobal
